// !$*UTF8*$!
{
	archiveVersion = 1;
	classes = {
	};
	objectVersion = 50;
	objects = {

/* Begin PBXBuildFile section */
		CA2556F022129DE9005FF563 /* MTGRewardVideoReward.m in Sources */ = {isa = PBXBuildFile; fileRef = CA2556EF22129DE9005FF563 /* MTGRewardVideoReward.m */; };
		CA83AFB121F064C700655A95 /* AppDelegate.m in Sources */ = {isa = PBXBuildFile; fileRef = CA83AFB021F064C700655A95 /* AppDelegate.m */; };
		CA83AFB921F064C700655A95 /* Assets.xcassets in Resources */ = {isa = PBXBuildFile; fileRef = CA83AFB821F064C700655A95 /* Assets.xcassets */; };
		CA83AFBC21F064C700655A95 /* LaunchScreen.storyboard in Resources */ = {isa = PBXBuildFile; fileRef = CA83AFBA21F064C700655A95 /* LaunchScreen.storyboard */; };
		CA83AFBF21F064C700655A95 /* main.m in Sources */ = {isa = PBXBuildFile; fileRef = CA83AFBE21F064C700655A95 /* main.m */; };
		CA83AFC921F064C700655A95 /* MTGMediationSampleTests.m in Sources */ = {isa = PBXBuildFile; fileRef = CA83AFC821F064C700655A95 /* MTGMediationSampleTests.m */; };
		CA83AFD421F064C700655A95 /* MTGMediationSampleUITests.m in Sources */ = {isa = PBXBuildFile; fileRef = CA83AFD321F064C700655A95 /* MTGMediationSampleUITests.m */; };
		CAAD3D1221F5978C007EF61B /* RewardVideoAdInfosData.plist in Resources */ = {isa = PBXBuildFile; fileRef = CAAD3D1121F5978B007EF61B /* RewardVideoAdInfosData.plist */; };
		CAAD3D1B21F598E5007EF61B /* MTGAdInfo.m in Sources */ = {isa = PBXBuildFile; fileRef = CAAD3D1A21F598E5007EF61B /* MTGAdInfo.m */; };
		CAAD3D2421F71E06007EF61B /* MTGMintegralRewardVideoAdapter.m in Sources */ = {isa = PBXBuildFile; fileRef = CAAD3D1F21F71E06007EF61B /* MTGMintegralRewardVideoAdapter.m */; };
		CAAD3D2521F71E06007EF61B /* MTGIronSourceRewardVideoAdapter.m in Sources */ = {isa = PBXBuildFile; fileRef = CAAD3D2021F71E06007EF61B /* MTGIronSourceRewardVideoAdapter.m */; };
		CAAD3D3421F71E0E007EF61B /* MTGRewardVideoAdManager.m in Sources */ = {isa = PBXBuildFile; fileRef = CAAD3D2721F71E0E007EF61B /* MTGRewardVideoAdManager.m */; };
		CAAD3D3521F71E0E007EF61B /* MTGRewardVideoAdapter.m in Sources */ = {isa = PBXBuildFile; fileRef = CAAD3D2A21F71E0E007EF61B /* MTGRewardVideoAdapter.m */; };
		CAAD3D3721F71E0E007EF61B /* MTGRewardVideoCustomEvent.m in Sources */ = {isa = PBXBuildFile; fileRef = CAAD3D2E21F71E0E007EF61B /* MTGRewardVideoCustomEvent.m */; };
		CAAD3D3821F71E0E007EF61B /* MTGAdServerCommunicator.m in Sources */ = {isa = PBXBuildFile; fileRef = CAAD3D3121F71E0E007EF61B /* MTGAdServerCommunicator.m */; };
		CAAD3D3921F71E0E007EF61B /* MTGRewardVideo.m in Sources */ = {isa = PBXBuildFile; fileRef = CAAD3D3221F71E0E007EF61B /* MTGRewardVideo.m */; };
		CAAD3D3C21F722AA007EF61B /* MTGMediationManager.m in Sources */ = {isa = PBXBuildFile; fileRef = CAAD3D3B21F722AA007EF61B /* MTGMediationManager.m */; };
		CAAD3D5821F96577007EF61B /* MTGAdTableTableViewController.m in Sources */ = {isa = PBXBuildFile; fileRef = CAAD3D5721F96577007EF61B /* MTGAdTableTableViewController.m */; };
		CAAD3D5C21F9682E007EF61B /* MTGRewardVideoViewController.m in Sources */ = {isa = PBXBuildFile; fileRef = CAAD3D5B21F9682E007EF61B /* MTGRewardVideoViewController.m */; };
		CAAD3D5F21F9687B007EF61B /* MTGInterstitialViewController.m in Sources */ = {isa = PBXBuildFile; fileRef = CAAD3D5E21F9687B007EF61B /* MTGInterstitialViewController.m */; };
		CAAD3D6121F989DF007EF61B /* MTGRewardVideoViewController.xib in Resources */ = {isa = PBXBuildFile; fileRef = CAAD3D6021F989DF007EF61B /* MTGRewardVideoViewController.xib */; };
		CAAD3D6321F989F6007EF61B /* MTGInterstitialViewController.xib in Resources */ = {isa = PBXBuildFile; fileRef = CAAD3D6221F989F6007EF61B /* MTGInterstitialViewController.xib */; };
/* End PBXBuildFile section */

/* Begin PBXContainerItemProxy section */
		CA83AFC521F064C700655A95 /* PBXContainerItemProxy */ = {
			isa = PBXContainerItemProxy;
			containerPortal = CA83AFA421F064C600655A95 /* Project object */;
			proxyType = 1;
			remoteGlobalIDString = CA83AFAB21F064C600655A95;
			remoteInfo = MTGMediationSample;
		};
		CA83AFD021F064C700655A95 /* PBXContainerItemProxy */ = {
			isa = PBXContainerItemProxy;
			containerPortal = CA83AFA421F064C600655A95 /* Project object */;
			proxyType = 1;
			remoteGlobalIDString = CA83AFAB21F064C600655A95;
			remoteInfo = MTGMediationSample;
		};
/* End PBXContainerItemProxy section */

/* Begin PBXFileReference section */
		CA2556EE22129DE9005FF563 /* MTGRewardVideoReward.h */ = {isa = PBXFileReference; lastKnownFileType = sourcecode.c.h; path = MTGRewardVideoReward.h; sourceTree = "<group>"; };
		CA2556EF22129DE9005FF563 /* MTGRewardVideoReward.m */ = {isa = PBXFileReference; lastKnownFileType = sourcecode.c.objc; path = MTGRewardVideoReward.m; sourceTree = "<group>"; };
		CA83AFAC21F064C700655A95 /* MTGMediationSample.app */ = {isa = PBXFileReference; explicitFileType = wrapper.application; includeInIndex = 0; path = MTGMediationSample.app; sourceTree = BUILT_PRODUCTS_DIR; };
		CA83AFAF21F064C700655A95 /* AppDelegate.h */ = {isa = PBXFileReference; lastKnownFileType = sourcecode.c.h; path = AppDelegate.h; sourceTree = "<group>"; };
		CA83AFB021F064C700655A95 /* AppDelegate.m */ = {isa = PBXFileReference; lastKnownFileType = sourcecode.c.objc; path = AppDelegate.m; sourceTree = "<group>"; };
		CA83AFB821F064C700655A95 /* Assets.xcassets */ = {isa = PBXFileReference; lastKnownFileType = folder.assetcatalog; path = Assets.xcassets; sourceTree = "<group>"; };
		CA83AFBB21F064C700655A95 /* Base */ = {isa = PBXFileReference; lastKnownFileType = file.storyboard; name = Base; path = Base.lproj/LaunchScreen.storyboard; sourceTree = "<group>"; };
		CA83AFBD21F064C700655A95 /* Info.plist */ = {isa = PBXFileReference; lastKnownFileType = text.plist.xml; path = Info.plist; sourceTree = "<group>"; };
		CA83AFBE21F064C700655A95 /* main.m */ = {isa = PBXFileReference; lastKnownFileType = sourcecode.c.objc; path = main.m; sourceTree = "<group>"; };
		CA83AFC421F064C700655A95 /* MTGMediationSampleTests.xctest */ = {isa = PBXFileReference; explicitFileType = wrapper.cfbundle; includeInIndex = 0; path = MTGMediationSampleTests.xctest; sourceTree = BUILT_PRODUCTS_DIR; };
		CA83AFC821F064C700655A95 /* MTGMediationSampleTests.m */ = {isa = PBXFileReference; lastKnownFileType = sourcecode.c.objc; path = MTGMediationSampleTests.m; sourceTree = "<group>"; };
		CA83AFCA21F064C700655A95 /* Info.plist */ = {isa = PBXFileReference; lastKnownFileType = text.plist.xml; path = Info.plist; sourceTree = "<group>"; };
		CA83AFCF21F064C700655A95 /* MTGMediationSampleUITests.xctest */ = {isa = PBXFileReference; explicitFileType = wrapper.cfbundle; includeInIndex = 0; path = MTGMediationSampleUITests.xctest; sourceTree = BUILT_PRODUCTS_DIR; };
		CA83AFD321F064C700655A95 /* MTGMediationSampleUITests.m */ = {isa = PBXFileReference; lastKnownFileType = sourcecode.c.objc; path = MTGMediationSampleUITests.m; sourceTree = "<group>"; };
		CA83AFD521F064C700655A95 /* Info.plist */ = {isa = PBXFileReference; lastKnownFileType = text.plist.xml; path = Info.plist; sourceTree = "<group>"; };
		CAAD3D1121F5978B007EF61B /* RewardVideoAdInfosData.plist */ = {isa = PBXFileReference; fileEncoding = 4; lastKnownFileType = text.plist.xml; path = RewardVideoAdInfosData.plist; sourceTree = "<group>"; };
		CAAD3D1921F598E5007EF61B /* MTGAdInfo.h */ = {isa = PBXFileReference; fileEncoding = 4; lastKnownFileType = sourcecode.c.h; path = MTGAdInfo.h; sourceTree = "<group>"; };
		CAAD3D1A21F598E5007EF61B /* MTGAdInfo.m */ = {isa = PBXFileReference; fileEncoding = 4; lastKnownFileType = sourcecode.c.objc; path = MTGAdInfo.m; sourceTree = "<group>"; };
		CAAD3D1F21F71E06007EF61B /* MTGMintegralRewardVideoAdapter.m */ = {isa = PBXFileReference; fileEncoding = 4; lastKnownFileType = sourcecode.c.objc; path = MTGMintegralRewardVideoAdapter.m; sourceTree = "<group>"; };
		CAAD3D2021F71E06007EF61B /* MTGIronSourceRewardVideoAdapter.m */ = {isa = PBXFileReference; fileEncoding = 4; lastKnownFileType = sourcecode.c.objc; path = MTGIronSourceRewardVideoAdapter.m; sourceTree = "<group>"; };
		CAAD3D2121F71E06007EF61B /* MTGIronSourceRewardVideoAdapter.h */ = {isa = PBXFileReference; fileEncoding = 4; lastKnownFileType = sourcecode.c.h; path = MTGIronSourceRewardVideoAdapter.h; sourceTree = "<group>"; };
		CAAD3D2221F71E06007EF61B /* MTGMintegralRewardVideoAdapter.h */ = {isa = PBXFileReference; fileEncoding = 4; lastKnownFileType = sourcecode.c.h; path = MTGMintegralRewardVideoAdapter.h; sourceTree = "<group>"; };
		CAAD3D2721F71E0E007EF61B /* MTGRewardVideoAdManager.m */ = {isa = PBXFileReference; fileEncoding = 4; lastKnownFileType = sourcecode.c.objc; path = MTGRewardVideoAdManager.m; sourceTree = "<group>"; };
		CAAD3D2921F71E0E007EF61B /* MTGRewardVideoCustomEvent.h */ = {isa = PBXFileReference; fileEncoding = 4; lastKnownFileType = sourcecode.c.h; path = MTGRewardVideoCustomEvent.h; sourceTree = "<group>"; };
		CAAD3D2A21F71E0E007EF61B /* MTGRewardVideoAdapter.m */ = {isa = PBXFileReference; fileEncoding = 4; lastKnownFileType = sourcecode.c.objc; path = MTGRewardVideoAdapter.m; sourceTree = "<group>"; };
		CAAD3D2B21F71E0E007EF61B /* MTGAdServerCommunicator.h */ = {isa = PBXFileReference; fileEncoding = 4; lastKnownFileType = sourcecode.c.h; path = MTGAdServerCommunicator.h; sourceTree = "<group>"; };
		CAAD3D2C21F71E0E007EF61B /* MTGRewardVideo.h */ = {isa = PBXFileReference; fileEncoding = 4; lastKnownFileType = sourcecode.c.h; path = MTGRewardVideo.h; sourceTree = "<group>"; };
		CAAD3D2E21F71E0E007EF61B /* MTGRewardVideoCustomEvent.m */ = {isa = PBXFileReference; fileEncoding = 4; lastKnownFileType = sourcecode.c.objc; path = MTGRewardVideoCustomEvent.m; sourceTree = "<group>"; };
		CAAD3D2F21F71E0E007EF61B /* MTGRewardVideoAdManager.h */ = {isa = PBXFileReference; fileEncoding = 4; lastKnownFileType = sourcecode.c.h; path = MTGRewardVideoAdManager.h; sourceTree = "<group>"; };
		CAAD3D3021F71E0E007EF61B /* MTGRewardVideoAdapter.h */ = {isa = PBXFileReference; fileEncoding = 4; lastKnownFileType = sourcecode.c.h; path = MTGRewardVideoAdapter.h; sourceTree = "<group>"; };
		CAAD3D3121F71E0E007EF61B /* MTGAdServerCommunicator.m */ = {isa = PBXFileReference; fileEncoding = 4; lastKnownFileType = sourcecode.c.objc; path = MTGAdServerCommunicator.m; sourceTree = "<group>"; };
		CAAD3D3221F71E0E007EF61B /* MTGRewardVideo.m */ = {isa = PBXFileReference; fileEncoding = 4; lastKnownFileType = sourcecode.c.objc; path = MTGRewardVideo.m; sourceTree = "<group>"; };
		CAAD3D3A21F722A9007EF61B /* MTGMediationManager.h */ = {isa = PBXFileReference; fileEncoding = 4; lastKnownFileType = sourcecode.c.h; path = MTGMediationManager.h; sourceTree = "<group>"; };
		CAAD3D3B21F722AA007EF61B /* MTGMediationManager.m */ = {isa = PBXFileReference; fileEncoding = 4; lastKnownFileType = sourcecode.c.objc; path = MTGMediationManager.m; sourceTree = "<group>"; };
		CAAD3D5621F96577007EF61B /* MTGAdTableTableViewController.h */ = {isa = PBXFileReference; lastKnownFileType = sourcecode.c.h; path = MTGAdTableTableViewController.h; sourceTree = "<group>"; };
		CAAD3D5721F96577007EF61B /* MTGAdTableTableViewController.m */ = {isa = PBXFileReference; lastKnownFileType = sourcecode.c.objc; path = MTGAdTableTableViewController.m; sourceTree = "<group>"; };
		CAAD3D5A21F9682E007EF61B /* MTGRewardVideoViewController.h */ = {isa = PBXFileReference; lastKnownFileType = sourcecode.c.h; path = MTGRewardVideoViewController.h; sourceTree = "<group>"; };
		CAAD3D5B21F9682E007EF61B /* MTGRewardVideoViewController.m */ = {isa = PBXFileReference; lastKnownFileType = sourcecode.c.objc; path = MTGRewardVideoViewController.m; sourceTree = "<group>"; };
		CAAD3D5D21F9687B007EF61B /* MTGInterstitialViewController.h */ = {isa = PBXFileReference; lastKnownFileType = sourcecode.c.h; path = MTGInterstitialViewController.h; sourceTree = "<group>"; };
		CAAD3D5E21F9687B007EF61B /* MTGInterstitialViewController.m */ = {isa = PBXFileReference; lastKnownFileType = sourcecode.c.objc; path = MTGInterstitialViewController.m; sourceTree = "<group>"; };
		CAAD3D6021F989DF007EF61B /* MTGRewardVideoViewController.xib */ = {isa = PBXFileReference; lastKnownFileType = file.xib; path = MTGRewardVideoViewController.xib; sourceTree = "<group>"; };
		CAAD3D6221F989F6007EF61B /* MTGInterstitialViewController.xib */ = {isa = PBXFileReference; lastKnownFileType = file.xib; path = MTGInterstitialViewController.xib; sourceTree = "<group>"; };
/* End PBXFileReference section */

/* Begin PBXFrameworksBuildPhase section */
		CA83AFA921F064C600655A95 /* Frameworks */ = {
			isa = PBXFrameworksBuildPhase;
			buildActionMask = 2147483647;
			files = (
			);
			runOnlyForDeploymentPostprocessing = 0;
		};
		CA83AFC121F064C700655A95 /* Frameworks */ = {
			isa = PBXFrameworksBuildPhase;
			buildActionMask = 2147483647;
			files = (
			);
			runOnlyForDeploymentPostprocessing = 0;
		};
		CA83AFCC21F064C700655A95 /* Frameworks */ = {
			isa = PBXFrameworksBuildPhase;
			buildActionMask = 2147483647;
			files = (
			);
			runOnlyForDeploymentPostprocessing = 0;
		};
/* End PBXFrameworksBuildPhase section */

/* Begin PBXGroup section */
		CA83AFA321F064C600655A95 = {
			isa = PBXGroup;
			children = (
				CA83AFAE21F064C700655A95 /* MTGMediationSample */,
				CA83AFC721F064C700655A95 /* MTGMediationSampleTests */,
				CA83AFD221F064C700655A95 /* MTGMediationSampleUITests */,
				CA83AFAD21F064C700655A95 /* Products */,
			);
			sourceTree = "<group>";
		};
		CA83AFAD21F064C700655A95 /* Products */ = {
			isa = PBXGroup;
			children = (
				CA83AFAC21F064C700655A95 /* MTGMediationSample.app */,
				CA83AFC421F064C700655A95 /* MTGMediationSampleTests.xctest */,
				CA83AFCF21F064C700655A95 /* MTGMediationSampleUITests.xctest */,
			);
			name = Products;
			sourceTree = "<group>";
		};
		CA83AFAE21F064C700655A95 /* MTGMediationSample */ = {
			isa = PBXGroup;
			children = (
				CAAD3D1021F5978B007EF61B /* LocalConfiguration */,
				CAAD3D0F21F5978B007EF61B /* Network */,
				CA83AFE121F0711A00655A95 /* Mediation */,
				CA83AFAF21F064C700655A95 /* AppDelegate.h */,
				CA83AFB021F064C700655A95 /* AppDelegate.m */,
				CAAD3D5621F96577007EF61B /* MTGAdTableTableViewController.h */,
				CAAD3D5721F96577007EF61B /* MTGAdTableTableViewController.m */,
				CAAD3D5A21F9682E007EF61B /* MTGRewardVideoViewController.h */,
				CAAD3D5B21F9682E007EF61B /* MTGRewardVideoViewController.m */,
				CAAD3D6021F989DF007EF61B /* MTGRewardVideoViewController.xib */,
				CAAD3D5D21F9687B007EF61B /* MTGInterstitialViewController.h */,
				CAAD3D5E21F9687B007EF61B /* MTGInterstitialViewController.m */,
				CAAD3D6221F989F6007EF61B /* MTGInterstitialViewController.xib */,
				CA83AFB821F064C700655A95 /* Assets.xcassets */,
				CA83AFBA21F064C700655A95 /* LaunchScreen.storyboard */,
				CA83AFBD21F064C700655A95 /* Info.plist */,
				CA83AFBE21F064C700655A95 /* main.m */,
			);
			path = MTGMediationSample;
			sourceTree = "<group>";
		};
		CA83AFC721F064C700655A95 /* MTGMediationSampleTests */ = {
			isa = PBXGroup;
			children = (
				CA83AFC821F064C700655A95 /* MTGMediationSampleTests.m */,
				CA83AFCA21F064C700655A95 /* Info.plist */,
			);
			path = MTGMediationSampleTests;
			sourceTree = "<group>";
		};
		CA83AFD221F064C700655A95 /* MTGMediationSampleUITests */ = {
			isa = PBXGroup;
			children = (
				CA83AFD321F064C700655A95 /* MTGMediationSampleUITests.m */,
				CA83AFD521F064C700655A95 /* Info.plist */,
			);
			path = MTGMediationSampleUITests;
			sourceTree = "<group>";
		};
		CA83AFE121F0711A00655A95 /* Mediation */ = {
			isa = PBXGroup;
			children = (
				CAAD3D3A21F722A9007EF61B /* MTGMediationManager.h */,
				CAAD3D3B21F722AA007EF61B /* MTGMediationManager.m */,
				CAAD3D3321F71E0E007EF61B /* Interstitials */,
				CAAD3D2621F71E0E007EF61B /* RewardVideo */,
			);
			path = Mediation;
			sourceTree = "<group>";
		};
		CAAD3D0F21F5978B007EF61B /* Network */ = {
			isa = PBXGroup;
			children = (
				CAAD3D2321F71E06007EF61B /* Interstitials */,
				CAAD3D1E21F71E06007EF61B /* RewardVideo */,
			);
			path = Network;
			sourceTree = "<group>";
		};
		CAAD3D1021F5978B007EF61B /* LocalConfiguration */ = {
			isa = PBXGroup;
			children = (
				CAAD3D1921F598E5007EF61B /* MTGAdInfo.h */,
				CAAD3D1A21F598E5007EF61B /* MTGAdInfo.m */,
				CAAD3D1121F5978B007EF61B /* RewardVideoAdInfosData.plist */,
			);
			path = LocalConfiguration;
			sourceTree = "<group>";
		};
		CAAD3D1E21F71E06007EF61B /* RewardVideo */ = {
			isa = PBXGroup;
			children = (
				CAAD3D2121F71E06007EF61B /* MTGIronSourceRewardVideoAdapter.h */,
				CAAD3D2021F71E06007EF61B /* MTGIronSourceRewardVideoAdapter.m */,
				CAAD3D2221F71E06007EF61B /* MTGMintegralRewardVideoAdapter.h */,
				CAAD3D1F21F71E06007EF61B /* MTGMintegralRewardVideoAdapter.m */,
			);
			path = RewardVideo;
			sourceTree = "<group>";
		};
		CAAD3D2321F71E06007EF61B /* Interstitials */ = {
			isa = PBXGroup;
			children = (
			);
			path = Interstitials;
			sourceTree = "<group>";
		};
		CAAD3D2621F71E0E007EF61B /* RewardVideo */ = {
			isa = PBXGroup;
			children = (
				CAAD3D2C21F71E0E007EF61B /* MTGRewardVideo.h */,
				CAAD3D3221F71E0E007EF61B /* MTGRewardVideo.m */,
				CAAD3D2F21F71E0E007EF61B /* MTGRewardVideoAdManager.h */,
				CAAD3D2721F71E0E007EF61B /* MTGRewardVideoAdManager.m */,
				CAAD3D3021F71E0E007EF61B /* MTGRewardVideoAdapter.h */,
				CAAD3D2A21F71E0E007EF61B /* MTGRewardVideoAdapter.m */,
				CAAD3D2B21F71E0E007EF61B /* MTGAdServerCommunicator.h */,
				CAAD3D3121F71E0E007EF61B /* MTGAdServerCommunicator.m */,
				CAAD3D2921F71E0E007EF61B /* MTGRewardVideoCustomEvent.h */,
				CAAD3D2E21F71E0E007EF61B /* MTGRewardVideoCustomEvent.m */,
				CA2556EE22129DE9005FF563 /* MTGRewardVideoReward.h */,
				CA2556EF22129DE9005FF563 /* MTGRewardVideoReward.m */,
			);
			path = RewardVideo;
			sourceTree = "<group>";
		};
		CAAD3D3321F71E0E007EF61B /* Interstitials */ = {
			isa = PBXGroup;
			children = (
			);
			path = Interstitials;
			sourceTree = "<group>";
		};
/* End PBXGroup section */

/* Begin PBXNativeTarget section */
		CA83AFAB21F064C600655A95 /* MTGMediationSample */ = {
			isa = PBXNativeTarget;
			buildConfigurationList = CA83AFD821F064C700655A95 /* Build configuration list for PBXNativeTarget "MTGMediationSample" */;
			buildPhases = (
				CA83AFA821F064C600655A95 /* Sources */,
				CA83AFA921F064C600655A95 /* Frameworks */,
				CA83AFAA21F064C600655A95 /* Resources */,
			);
			buildRules = (
			);
			dependencies = (
			);
			name = MTGMediationSample;
			productName = MTGMediationSample;
			productReference = CA83AFAC21F064C700655A95 /* MTGMediationSample.app */;
			productType = "com.apple.product-type.application";
		};
		CA83AFC321F064C700655A95 /* MTGMediationSampleTests */ = {
			isa = PBXNativeTarget;
			buildConfigurationList = CA83AFDB21F064C700655A95 /* Build configuration list for PBXNativeTarget "MTGMediationSampleTests" */;
			buildPhases = (
				CA83AFC021F064C700655A95 /* Sources */,
				CA83AFC121F064C700655A95 /* Frameworks */,
				CA83AFC221F064C700655A95 /* Resources */,
			);
			buildRules = (
			);
			dependencies = (
				CA83AFC621F064C700655A95 /* PBXTargetDependency */,
			);
			name = MTGMediationSampleTests;
			productName = MTGMediationSampleTests;
			productReference = CA83AFC421F064C700655A95 /* MTGMediationSampleTests.xctest */;
			productType = "com.apple.product-type.bundle.unit-test";
		};
		CA83AFCE21F064C700655A95 /* MTGMediationSampleUITests */ = {
			isa = PBXNativeTarget;
			buildConfigurationList = CA83AFDE21F064C700655A95 /* Build configuration list for PBXNativeTarget "MTGMediationSampleUITests" */;
			buildPhases = (
				CA83AFCB21F064C700655A95 /* Sources */,
				CA83AFCC21F064C700655A95 /* Frameworks */,
				CA83AFCD21F064C700655A95 /* Resources */,
			);
			buildRules = (
			);
			dependencies = (
				CA83AFD121F064C700655A95 /* PBXTargetDependency */,
			);
			name = MTGMediationSampleUITests;
			productName = MTGMediationSampleUITests;
			productReference = CA83AFCF21F064C700655A95 /* MTGMediationSampleUITests.xctest */;
			productType = "com.apple.product-type.bundle.ui-testing";
		};
/* End PBXNativeTarget section */

/* Begin PBXProject section */
		CA83AFA421F064C600655A95 /* Project object */ = {
			isa = PBXProject;
			attributes = {
				LastUpgradeCheck = 1010;
				ORGANIZATIONNAME = CharkZhang;
				TargetAttributes = {
					CA83AFAB21F064C600655A95 = {
						CreatedOnToolsVersion = 10.1;
					};
					CA83AFC321F064C700655A95 = {
						CreatedOnToolsVersion = 10.1;
						TestTargetID = CA83AFAB21F064C600655A95;
					};
					CA83AFCE21F064C700655A95 = {
						CreatedOnToolsVersion = 10.1;
						TestTargetID = CA83AFAB21F064C600655A95;
					};
				};
			};
			buildConfigurationList = CA83AFA721F064C600655A95 /* Build configuration list for PBXProject "MTGMediationSample" */;
			compatibilityVersion = "Xcode 9.3";
			developmentRegion = en;
			hasScannedForEncodings = 0;
			knownRegions = (
				en,
				Base,
			);
			mainGroup = CA83AFA321F064C600655A95;
			productRefGroup = CA83AFAD21F064C700655A95 /* Products */;
			projectDirPath = "";
			projectRoot = "";
			targets = (
				CA83AFAB21F064C600655A95 /* MTGMediationSample */,
				CA83AFC321F064C700655A95 /* MTGMediationSampleTests */,
				CA83AFCE21F064C700655A95 /* MTGMediationSampleUITests */,
			);
		};
/* End PBXProject section */

/* Begin PBXResourcesBuildPhase section */
		CA83AFAA21F064C600655A95 /* Resources */ = {
			isa = PBXResourcesBuildPhase;
			buildActionMask = 2147483647;
			files = (
				CA83AFBC21F064C700655A95 /* LaunchScreen.storyboard in Resources */,
				CAAD3D6321F989F6007EF61B /* MTGInterstitialViewController.xib in Resources */,
				CA83AFB921F064C700655A95 /* Assets.xcassets in Resources */,
				CAAD3D6121F989DF007EF61B /* MTGRewardVideoViewController.xib in Resources */,
				CAAD3D1221F5978C007EF61B /* RewardVideoAdInfosData.plist in Resources */,
			);
			runOnlyForDeploymentPostprocessing = 0;
		};
		CA83AFC221F064C700655A95 /* Resources */ = {
			isa = PBXResourcesBuildPhase;
			buildActionMask = 2147483647;
			files = (
			);
			runOnlyForDeploymentPostprocessing = 0;
		};
		CA83AFCD21F064C700655A95 /* Resources */ = {
			isa = PBXResourcesBuildPhase;
			buildActionMask = 2147483647;
			files = (
			);
			runOnlyForDeploymentPostprocessing = 0;
		};
/* End PBXResourcesBuildPhase section */

/* Begin PBXSourcesBuildPhase section */
		CA83AFA821F064C600655A95 /* Sources */ = {
			isa = PBXSourcesBuildPhase;
			buildActionMask = 2147483647;
			files = (
				CAAD3D2421F71E06007EF61B /* MTGMintegralRewardVideoAdapter.m in Sources */,
				CAAD3D3C21F722AA007EF61B /* MTGMediationManager.m in Sources */,
				CAAD3D5C21F9682E007EF61B /* MTGRewardVideoViewController.m in Sources */,
				CAAD3D3421F71E0E007EF61B /* MTGRewardVideoAdManager.m in Sources */,
				CAAD3D5F21F9687B007EF61B /* MTGInterstitialViewController.m in Sources */,
				CA83AFBF21F064C700655A95 /* main.m in Sources */,
				CA83AFB121F064C700655A95 /* AppDelegate.m in Sources */,
				CAAD3D3721F71E0E007EF61B /* MTGRewardVideoCustomEvent.m in Sources */,
				CAAD3D2521F71E06007EF61B /* MTGIronSourceRewardVideoAdapter.m in Sources */,
				CAAD3D1B21F598E5007EF61B /* MTGAdInfo.m in Sources */,
				CAAD3D5821F96577007EF61B /* MTGAdTableTableViewController.m in Sources */,
				CAAD3D3521F71E0E007EF61B /* MTGRewardVideoAdapter.m in Sources */,
				CAAD3D3821F71E0E007EF61B /* MTGAdServerCommunicator.m in Sources */,
				CA2556F022129DE9005FF563 /* MTGRewardVideoReward.m in Sources */,
				CAAD3D3921F71E0E007EF61B /* MTGRewardVideo.m in Sources */,
			);
			runOnlyForDeploymentPostprocessing = 0;
		};
		CA83AFC021F064C700655A95 /* Sources */ = {
			isa = PBXSourcesBuildPhase;
			buildActionMask = 2147483647;
			files = (
				CA83AFC921F064C700655A95 /* MTGMediationSampleTests.m in Sources */,
			);
			runOnlyForDeploymentPostprocessing = 0;
		};
		CA83AFCB21F064C700655A95 /* Sources */ = {
			isa = PBXSourcesBuildPhase;
			buildActionMask = 2147483647;
			files = (
				CA83AFD421F064C700655A95 /* MTGMediationSampleUITests.m in Sources */,
			);
			runOnlyForDeploymentPostprocessing = 0;
		};
/* End PBXSourcesBuildPhase section */

/* Begin PBXTargetDependency section */
		CA83AFC621F064C700655A95 /* PBXTargetDependency */ = {
			isa = PBXTargetDependency;
			target = CA83AFAB21F064C600655A95 /* MTGMediationSample */;
			targetProxy = CA83AFC521F064C700655A95 /* PBXContainerItemProxy */;
		};
		CA83AFD121F064C700655A95 /* PBXTargetDependency */ = {
			isa = PBXTargetDependency;
			target = CA83AFAB21F064C600655A95 /* MTGMediationSample */;
			targetProxy = CA83AFD021F064C700655A95 /* PBXContainerItemProxy */;
		};
/* End PBXTargetDependency section */

/* Begin PBXVariantGroup section */
		CA83AFBA21F064C700655A95 /* LaunchScreen.storyboard */ = {
			isa = PBXVariantGroup;
			children = (
				CA83AFBB21F064C700655A95 /* Base */,
			);
			name = LaunchScreen.storyboard;
			sourceTree = "<group>";
		};
/* End PBXVariantGroup section */

/* Begin XCBuildConfiguration section */
		CA83AFD621F064C700655A95 /* Debug */ = {
			isa = XCBuildConfiguration;
			buildSettings = {
				ALWAYS_SEARCH_USER_PATHS = NO;
				CLANG_ANALYZER_NONNULL = YES;
				CLANG_ANALYZER_NUMBER_OBJECT_CONVERSION = YES_AGGRESSIVE;
				CLANG_CXX_LANGUAGE_STANDARD = "gnu++14";
				CLANG_CXX_LIBRARY = "libc++";
				CLANG_ENABLE_MODULES = YES;
				CLANG_ENABLE_OBJC_ARC = YES;
				CLANG_ENABLE_OBJC_WEAK = YES;
				CLANG_WARN_BLOCK_CAPTURE_AUTORELEASING = YES;
				CLANG_WARN_BOOL_CONVERSION = YES;
				CLANG_WARN_COMMA = YES;
				CLANG_WARN_CONSTANT_CONVERSION = YES;
				CLANG_WARN_DEPRECATED_OBJC_IMPLEMENTATIONS = YES;
				CLANG_WARN_DIRECT_OBJC_ISA_USAGE = YES_ERROR;
				CLANG_WARN_DOCUMENTATION_COMMENTS = YES;
				CLANG_WARN_EMPTY_BODY = YES;
				CLANG_WARN_ENUM_CONVERSION = YES;
				CLANG_WARN_INFINITE_RECURSION = YES;
				CLANG_WARN_INT_CONVERSION = YES;
				CLANG_WARN_NON_LITERAL_NULL_CONVERSION = YES;
				CLANG_WARN_OBJC_IMPLICIT_RETAIN_SELF = YES;
				CLANG_WARN_OBJC_LITERAL_CONVERSION = YES;
				CLANG_WARN_OBJC_ROOT_CLASS = YES_ERROR;
				CLANG_WARN_RANGE_LOOP_ANALYSIS = YES;
				CLANG_WARN_STRICT_PROTOTYPES = YES;
				CLANG_WARN_SUSPICIOUS_MOVE = YES;
				CLANG_WARN_UNGUARDED_AVAILABILITY = YES_AGGRESSIVE;
				CLANG_WARN_UNREACHABLE_CODE = YES;
				CLANG_WARN__DUPLICATE_METHOD_MATCH = YES;
				CODE_SIGN_IDENTITY = "iPhone Developer";
				COPY_PHASE_STRIP = NO;
				DEBUG_INFORMATION_FORMAT = dwarf;
				ENABLE_STRICT_OBJC_MSGSEND = YES;
				ENABLE_TESTABILITY = YES;
				GCC_C_LANGUAGE_STANDARD = gnu11;
				GCC_DYNAMIC_NO_PIC = NO;
				GCC_NO_COMMON_BLOCKS = YES;
				GCC_OPTIMIZATION_LEVEL = 0;
				GCC_PREPROCESSOR_DEFINITIONS = (
					"DEBUG=1",
					"$(inherited)",
				);
				GCC_WARN_64_TO_32_BIT_CONVERSION = YES;
				GCC_WARN_ABOUT_RETURN_TYPE = YES_ERROR;
				GCC_WARN_UNDECLARED_SELECTOR = YES;
				GCC_WARN_UNINITIALIZED_AUTOS = YES_AGGRESSIVE;
				GCC_WARN_UNUSED_FUNCTION = YES;
				GCC_WARN_UNUSED_VARIABLE = YES;
				IPHONEOS_DEPLOYMENT_TARGET = 12.1;
				MTL_ENABLE_DEBUG_INFO = INCLUDE_SOURCE;
				MTL_FAST_MATH = YES;
				ONLY_ACTIVE_ARCH = YES;
				SDKROOT = iphoneos;
			};
			name = Debug;
		};
		CA83AFD721F064C700655A95 /* Release */ = {
			isa = XCBuildConfiguration;
			buildSettings = {
				ALWAYS_SEARCH_USER_PATHS = NO;
				CLANG_ANALYZER_NONNULL = YES;
				CLANG_ANALYZER_NUMBER_OBJECT_CONVERSION = YES_AGGRESSIVE;
				CLANG_CXX_LANGUAGE_STANDARD = "gnu++14";
				CLANG_CXX_LIBRARY = "libc++";
				CLANG_ENABLE_MODULES = YES;
				CLANG_ENABLE_OBJC_ARC = YES;
				CLANG_ENABLE_OBJC_WEAK = YES;
				CLANG_WARN_BLOCK_CAPTURE_AUTORELEASING = YES;
				CLANG_WARN_BOOL_CONVERSION = YES;
				CLANG_WARN_COMMA = YES;
				CLANG_WARN_CONSTANT_CONVERSION = YES;
				CLANG_WARN_DEPRECATED_OBJC_IMPLEMENTATIONS = YES;
				CLANG_WARN_DIRECT_OBJC_ISA_USAGE = YES_ERROR;
				CLANG_WARN_DOCUMENTATION_COMMENTS = YES;
				CLANG_WARN_EMPTY_BODY = YES;
				CLANG_WARN_ENUM_CONVERSION = YES;
				CLANG_WARN_INFINITE_RECURSION = YES;
				CLANG_WARN_INT_CONVERSION = YES;
				CLANG_WARN_NON_LITERAL_NULL_CONVERSION = YES;
				CLANG_WARN_OBJC_IMPLICIT_RETAIN_SELF = YES;
				CLANG_WARN_OBJC_LITERAL_CONVERSION = YES;
				CLANG_WARN_OBJC_ROOT_CLASS = YES_ERROR;
				CLANG_WARN_RANGE_LOOP_ANALYSIS = YES;
				CLANG_WARN_STRICT_PROTOTYPES = YES;
				CLANG_WARN_SUSPICIOUS_MOVE = YES;
				CLANG_WARN_UNGUARDED_AVAILABILITY = YES_AGGRESSIVE;
				CLANG_WARN_UNREACHABLE_CODE = YES;
				CLANG_WARN__DUPLICATE_METHOD_MATCH = YES;
				CODE_SIGN_IDENTITY = "iPhone Developer";
				COPY_PHASE_STRIP = NO;
				DEBUG_INFORMATION_FORMAT = "dwarf-with-dsym";
				ENABLE_NS_ASSERTIONS = NO;
				ENABLE_STRICT_OBJC_MSGSEND = YES;
				GCC_C_LANGUAGE_STANDARD = gnu11;
				GCC_NO_COMMON_BLOCKS = YES;
				GCC_WARN_64_TO_32_BIT_CONVERSION = YES;
				GCC_WARN_ABOUT_RETURN_TYPE = YES_ERROR;
				GCC_WARN_UNDECLARED_SELECTOR = YES;
				GCC_WARN_UNINITIALIZED_AUTOS = YES_AGGRESSIVE;
				GCC_WARN_UNUSED_FUNCTION = YES;
				GCC_WARN_UNUSED_VARIABLE = YES;
				IPHONEOS_DEPLOYMENT_TARGET = 12.1;
				MTL_ENABLE_DEBUG_INFO = NO;
				MTL_FAST_MATH = YES;
				SDKROOT = iphoneos;
				VALIDATE_PRODUCT = YES;
			};
			name = Release;
		};
		CA83AFD921F064C700655A95 /* Debug */ = {
			isa = XCBuildConfiguration;
			buildSettings = {
				ASSETCATALOG_COMPILER_APPICON_NAME = AppIcon;
				CODE_SIGN_STYLE = Automatic;
				DEVELOPMENT_TEAM = DJRJZKDWWH;
				INFOPLIST_FILE = MTGMediationSample/Info.plist;
				IPHONEOS_DEPLOYMENT_TARGET = 9.0;
				LD_RUNPATH_SEARCH_PATHS = (
					"$(inherited)",
					"@executable_path/Frameworks",
				);
				PRODUCT_BUNDLE_IDENTIFIER = com.mintegral.MTGMediationSample;
				PRODUCT_NAME = "$(TARGET_NAME)";
				TARGETED_DEVICE_FAMILY = "1,2";
			};
			name = Debug;
		};
		CA83AFDA21F064C700655A95 /* Release */ = {
			isa = XCBuildConfiguration;
			buildSettings = {
				ASSETCATALOG_COMPILER_APPICON_NAME = AppIcon;
				CODE_SIGN_STYLE = Automatic;
				DEVELOPMENT_TEAM = DJRJZKDWWH;
				INFOPLIST_FILE = MTGMediationSample/Info.plist;
				IPHONEOS_DEPLOYMENT_TARGET = 9.0;
				LD_RUNPATH_SEARCH_PATHS = (
					"$(inherited)",
					"@executable_path/Frameworks",
				);
				PRODUCT_BUNDLE_IDENTIFIER = com.mintegral.MTGMediationSample;
				PRODUCT_NAME = "$(TARGET_NAME)";
				TARGETED_DEVICE_FAMILY = "1,2";
			};
			name = Release;
		};
		CA83AFDC21F064C700655A95 /* Debug */ = {
			isa = XCBuildConfiguration;
			buildSettings = {
				BUNDLE_LOADER = "$(TEST_HOST)";
				CODE_SIGN_STYLE = Automatic;
				DEVELOPMENT_TEAM = DJRJZKDWWH;
				INFOPLIST_FILE = MTGMediationSampleTests/Info.plist;
				LD_RUNPATH_SEARCH_PATHS = (
					"$(inherited)",
					"@executable_path/Frameworks",
					"@loader_path/Frameworks",
				);
				PRODUCT_BUNDLE_IDENTIFIER = com.mintegral.MTGMediationSampleTests;
				PRODUCT_NAME = "$(TARGET_NAME)";
				TARGETED_DEVICE_FAMILY = "1,2";
				TEST_HOST = "$(BUILT_PRODUCTS_DIR)/MTGMediationSample.app/MTGMediationSample";
			};
			name = Debug;
		};
		CA83AFDD21F064C700655A95 /* Release */ = {
			isa = XCBuildConfiguration;
			buildSettings = {
				BUNDLE_LOADER = "$(TEST_HOST)";
				CODE_SIGN_STYLE = Automatic;
				DEVELOPMENT_TEAM = DJRJZKDWWH;
				INFOPLIST_FILE = MTGMediationSampleTests/Info.plist;
				LD_RUNPATH_SEARCH_PATHS = (
					"$(inherited)",
					"@executable_path/Frameworks",
					"@loader_path/Frameworks",
				);
				PRODUCT_BUNDLE_IDENTIFIER = com.mintegral.MTGMediationSampleTests;
				PRODUCT_NAME = "$(TARGET_NAME)";
				TARGETED_DEVICE_FAMILY = "1,2";
				TEST_HOST = "$(BUILT_PRODUCTS_DIR)/MTGMediationSample.app/MTGMediationSample";
			};
			name = Release;
		};
		CA83AFDF21F064C700655A95 /* Debug */ = {
			isa = XCBuildConfiguration;
			buildSettings = {
				CODE_SIGN_STYLE = Automatic;
				DEVELOPMENT_TEAM = DJRJZKDWWH;
				INFOPLIST_FILE = MTGMediationSampleUITests/Info.plist;
				LD_RUNPATH_SEARCH_PATHS = (
					"$(inherited)",
					"@executable_path/Frameworks",
					"@loader_path/Frameworks",
				);
				PRODUCT_BUNDLE_IDENTIFIER = com.mintegral.MTGMediationSampleUITests;
				PRODUCT_NAME = "$(TARGET_NAME)";
				TARGETED_DEVICE_FAMILY = "1,2";
				TEST_TARGET_NAME = MTGMediationSample;
			};
			name = Debug;
		};
		CA83AFE021F064C700655A95 /* Release */ = {
			isa = XCBuildConfiguration;
			buildSettings = {
				CODE_SIGN_STYLE = Automatic;
				DEVELOPMENT_TEAM = DJRJZKDWWH;
				INFOPLIST_FILE = MTGMediationSampleUITests/Info.plist;
				LD_RUNPATH_SEARCH_PATHS = (
					"$(inherited)",
					"@executable_path/Frameworks",
					"@loader_path/Frameworks",
				);
				PRODUCT_BUNDLE_IDENTIFIER = com.mintegral.MTGMediationSampleUITests;
				PRODUCT_NAME = "$(TARGET_NAME)";
				TARGETED_DEVICE_FAMILY = "1,2";
				TEST_TARGET_NAME = MTGMediationSample;
			};
			name = Release;
		};
/* End XCBuildConfiguration section */

/* Begin XCConfigurationList section */
		CA83AFA721F064C600655A95 /* Build configuration list for PBXProject "MTGMediationSample" */ = {
			isa = XCConfigurationList;
			buildConfigurations = (
				CA83AFD621F064C700655A95 /* Debug */,
				CA83AFD721F064C700655A95 /* Release */,
			);
			defaultConfigurationIsVisible = 0;
			defaultConfigurationName = Release;
		};
		CA83AFD821F064C700655A95 /* Build configuration list for PBXNativeTarget "MTGMediationSample" */ = {
			isa = XCConfigurationList;
			buildConfigurations = (
				CA83AFD921F064C700655A95 /* Debug */,
				CA83AFDA21F064C700655A95 /* Release */,
			);
			defaultConfigurationIsVisible = 0;
			defaultConfigurationName = Release;
		};
		CA83AFDB21F064C700655A95 /* Build configuration list for PBXNativeTarget "MTGMediationSampleTests" */ = {
			isa = XCConfigurationList;
			buildConfigurations = (
				CA83AFDC21F064C700655A95 /* Debug */,
				CA83AFDD21F064C700655A95 /* Release */,
			);
			defaultConfigurationIsVisible = 0;
			defaultConfigurationName = Release;
		};
		CA83AFDE21F064C700655A95 /* Build configuration list for PBXNativeTarget "MTGMediationSampleUITests" */ = {
			isa = XCConfigurationList;
			buildConfigurations = (
				CA83AFDF21F064C700655A95 /* Debug */,
				CA83AFE021F064C700655A95 /* Release */,
			);
			defaultConfigurationIsVisible = 0;
			defaultConfigurationName = Release;
		};
/* End XCConfigurationList section */
	};
	rootObject = CA83AFA421F064C600655A95 /* Project object */;
}
